github.com/VictoriaMetrics/easyproto v0.1.4 h1:r8cNvo8o6sR4QShBXQd1bKw/VVLSQma/V2KhTBPf+Sc=
github.com/VictoriaMetrics/easyproto v0.1.4/go.mod h1:QlGlzaJnDfFd8Lk6Ci/fuLxfTo3/GThPs2KH23mv710=
github.com/pantopic/wazero-atomic/sdk-go v0.0.3 h1:bFRWDzHGBIabQw/v5I53kaAZT3REhTtTk98ya5FV6Oo=
github.com/pantopic/wazero-atomic/sdk-go v0.0.3/go.mod h1:IAoBYxydbgxUXIecfZM/rJOL9lFgZt0QyLj5KgI9lH8=
github.com/pantopic/wazero-grpc-server/sdk-go v0.0.11 h1:4gLM3MiwJ3AmmgFqksPqPTm/MtInatTOBa4/wXfZIco=
github.com/pantopic/wazero-grpc-server/sdk-go v0.0.11/go.mod h1:hGD7Xh7atAX5dKKcJ0YX97RapK8WlXzw8ViLiIMtNtI=
